# This file is generated by running "yarn install" inside your project.
# Manual changes might be lost - proceed with caution!

__metadata:
  version: 8
  cacheKey: 10c0

"@eklingen/esbuild-browserslist@workspace:.":
  version: 0.0.0-use.local
  resolution: "@eklingen/esbuild-browserslist@workspace:."
  dependencies:
    browserslist: "npm:^4.23.0"
  languageName: unknown
  linkType: soft

"browserslist@npm:^4.23.0":
  version: 4.23.0
  resolution: "browserslist@npm:4.23.0"
  dependencies:
    caniuse-lite: "npm:^1.0.30001587"
    electron-to-chromium: "npm:^1.4.668"
    node-releases: "npm:^2.0.14"
    update-browserslist-db: "npm:^1.0.13"
  bin:
    browserslist: cli.js
  checksum: 10c0/8e9cc154529062128d02a7af4d8adeead83ca1df8cd9ee65a88e2161039f3d68a4d40fea7353cab6bae4c16182dec2fdd9a1cf7dc2a2935498cee1af0e998943
  languageName: node
  linkType: hard

"caniuse-lite@npm:^1.0.30001587":
  version: 1.0.30001612
  resolution: "caniuse-lite@npm:1.0.30001612"
  checksum: 10c0/d6b405ff06f4e913bc779f9183fa68001c9d6b8526a7dd1b99c60587dd21a01aa8def3d8462cf6214f0181f1c21b9245611ff65241cf9c967fc742e86ece5065
  languageName: node
  linkType: hard

"electron-to-chromium@npm:^1.4.668":
  version: 1.4.747
  resolution: "electron-to-chromium@npm:1.4.747"
  checksum: 10c0/2d8bded9bb6b5f204699330979a5675578ed890ee34b631e28af81245c5032ba3bd42064aeded14f0d82239607f65e4c34890dad445b3ceafdbb5e14352faf9a
  languageName: node
  linkType: hard

"escalade@npm:^3.1.1":
  version: 3.1.2
  resolution: "escalade@npm:3.1.2"
  checksum: 10c0/6b4adafecd0682f3aa1cd1106b8fff30e492c7015b178bc81b2d2f75106dabea6c6d6e8508fc491bd58e597c74abb0e8e2368f943ecb9393d4162e3c2f3cf287
  languageName: node
  linkType: hard

"node-releases@npm:^2.0.14":
  version: 2.0.14
  resolution: "node-releases@npm:2.0.14"
  checksum: 10c0/199fc93773ae70ec9969bc6d5ac5b2bbd6eb986ed1907d751f411fef3ede0e4bfdb45ceb43711f8078bea237b6036db8b1bf208f6ff2b70c7d615afd157f3ab9
  languageName: node
  linkType: hard

"picocolors@npm:^1.0.0":
  version: 1.0.0
  resolution: "picocolors@npm:1.0.0"
  checksum: 10c0/20a5b249e331c14479d94ec6817a182fd7a5680debae82705747b2db7ec50009a5f6648d0621c561b0572703f84dbef0858abcbd5856d3c5511426afcb1961f7
  languageName: node
  linkType: hard

"update-browserslist-db@npm:^1.0.13":
  version: 1.0.13
  resolution: "update-browserslist-db@npm:1.0.13"
  dependencies:
    escalade: "npm:^3.1.1"
    picocolors: "npm:^1.0.0"
  peerDependencies:
    browserslist: ">= 4.21.0"
  bin:
    update-browserslist-db: cli.js
  checksum: 10c0/e52b8b521c78ce1e0c775f356cd16a9c22c70d25f3e01180839c407a5dc787fb05a13f67560cbaf316770d26fa99f78f1acd711b1b54a4f35d4820d4ea7136e6
  languageName: node
  linkType: hard
